// !$*UTF8*$!
{
	archiveVersion = 1;
	classes = {
	};
	objectVersion = 48;
	objects = {

/* Begin PBXBuildFile section */
		2C3A949A20256B6200637B71 /* AppDelegate.swift in Sources */ = {isa = PBXBuildFile; fileRef = 2C3A949920256B6200637B71 /* AppDelegate.swift */; };
		2C3A949C20256B6200637B71 /* ViewController.swift in Sources */ = {isa = PBXBuildFile; fileRef = 2C3A949B20256B6200637B71 /* ViewController.swift */; };
		2C3A949F20256B6200637B71 /* Main.storyboard in Resources */ = {isa = PBXBuildFile; fileRef = 2C3A949D20256B6200637B71 /* Main.storyboard */; };
		2C3A94A120256B6200637B71 /* Assets.xcassets in Resources */ = {isa = PBXBuildFile; fileRef = 2C3A94A020256B6200637B71 /* Assets.xcassets */; };
		2C3A94A420256B6200637B71 /* LaunchScreen.storyboard in Resources */ = {isa = PBXBuildFile; fileRef = 2C3A94A220256B6200637B71 /* LaunchScreen.storyboard */; };
		2C3A94AF20256B6200637B71 /* iOS_PracticesTests.swift in Sources */ = {isa = PBXBuildFile; fileRef = 2C3A94AE20256B6200637B71 /* iOS_PracticesTests.swift */; };
		2C3A94BA20256B6200637B71 /* iOS_PracticesUITests.swift in Sources */ = {isa = PBXBuildFile; fileRef = 2C3A94B920256B6200637B71 /* iOS_PracticesUITests.swift */; };
/* End PBXBuildFile section */

/* Begin PBXContainerItemProxy section */
		2C3A94AB20256B6200637B71 /* PBXContainerItemProxy */ = {
			isa = PBXContainerItemProxy;
			containerPortal = 2C3A948E20256B6200637B71 /* Project object */;
			proxyType = 1;
			remoteGlobalIDString = 2C3A949520256B6200637B71;
			remoteInfo = "iOS Practices";
		};
		2C3A94B620256B6200637B71 /* PBXContainerItemProxy */ = {
			isa = PBXContainerItemProxy;
			containerPortal = 2C3A948E20256B6200637B71 /* Project object */;
			proxyType = 1;
			remoteGlobalIDString = 2C3A949520256B6200637B71;
			remoteInfo = "iOS Practices";
		};
/* End PBXContainerItemProxy section */

/* Begin PBXFileReference section */
		2C3A949620256B6200637B71 /* iOS Practices.app */ = {isa = PBXFileReference; explicitFileType = wrapper.application; includeInIndex = 0; path = "iOS Practices.app"; sourceTree = BUILT_PRODUCTS_DIR; };
		2C3A949920256B6200637B71 /* AppDelegate.swift */ = {isa = PBXFileReference; lastKnownFileType = sourcecode.swift; path = AppDelegate.swift; sourceTree = "<group>"; };
		2C3A949B20256B6200637B71 /* ViewController.swift */ = {isa = PBXFileReference; lastKnownFileType = sourcecode.swift; path = ViewController.swift; sourceTree = "<group>"; };
		2C3A949E20256B6200637B71 /* Base */ = {isa = PBXFileReference; lastKnownFileType = file.storyboard; name = Base; path = Base.lproj/Main.storyboard; sourceTree = "<group>"; };
		2C3A94A020256B6200637B71 /* Assets.xcassets */ = {isa = PBXFileReference; lastKnownFileType = folder.assetcatalog; path = Assets.xcassets; sourceTree = "<group>"; };
		2C3A94A320256B6200637B71 /* Base */ = {isa = PBXFileReference; lastKnownFileType = file.storyboard; name = Base; path = Base.lproj/LaunchScreen.storyboard; sourceTree = "<group>"; };
		2C3A94A520256B6200637B71 /* Info.plist */ = {isa = PBXFileReference; lastKnownFileType = text.plist.xml; path = Info.plist; sourceTree = "<group>"; };
		2C3A94AA20256B6200637B71 /* iOS PracticesTests.xctest */ = {isa = PBXFileReference; explicitFileType = wrapper.cfbundle; includeInIndex = 0; path = "iOS PracticesTests.xctest"; sourceTree = BUILT_PRODUCTS_DIR; };
		2C3A94AE20256B6200637B71 /* iOS_PracticesTests.swift */ = {isa = PBXFileReference; lastKnownFileType = sourcecode.swift; path = iOS_PracticesTests.swift; sourceTree = "<group>"; };
		2C3A94B020256B6200637B71 /* Info.plist */ = {isa = PBXFileReference; lastKnownFileType = text.plist.xml; path = Info.plist; sourceTree = "<group>"; };
		2C3A94B520256B6200637B71 /* iOS PracticesUITests.xctest */ = {isa = PBXFileReference; explicitFileType = wrapper.cfbundle; includeInIndex = 0; path = "iOS PracticesUITests.xctest"; sourceTree = BUILT_PRODUCTS_DIR; };
		2C3A94B920256B6200637B71 /* iOS_PracticesUITests.swift */ = {isa = PBXFileReference; lastKnownFileType = sourcecode.swift; path = iOS_PracticesUITests.swift; sourceTree = "<group>"; };
		2C3A94BB20256B6200637B71 /* Info.plist */ = {isa = PBXFileReference; lastKnownFileType = text.plist.xml; path = Info.plist; sourceTree = "<group>"; };
/* End PBXFileReference section */

/* Begin PBXFrameworksBuildPhase section */
		2C3A949320256B6200637B71 /* Frameworks */ = {
			isa = PBXFrameworksBuildPhase;
			buildActionMask = 2147483647;
			files = (
			);
			runOnlyForDeploymentPostprocessing = 0;
		};
		2C3A94A720256B6200637B71 /* Frameworks */ = {
			isa = PBXFrameworksBuildPhase;
			buildActionMask = 2147483647;
			files = (
			);
			runOnlyForDeploymentPostprocessing = 0;
		};
		2C3A94B220256B6200637B71 /* Frameworks */ = {
			isa = PBXFrameworksBuildPhase;
			buildActionMask = 2147483647;
			files = (
			);
			runOnlyForDeploymentPostprocessing = 0;
		};
/* End PBXFrameworksBuildPhase section */

/* Begin PBXGroup section */
		2C3A948D20256B6200637B71 = {
			isa = PBXGroup;
			children = (
				2C3A949820256B6200637B71 /* iOS Practices */,
				2C3A94AD20256B6200637B71 /* iOS PracticesTests */,
				2C3A94B820256B6200637B71 /* iOS PracticesUITests */,
				2C3A949720256B6200637B71 /* Products */,
			);
			sourceTree = "<group>";
		};
		2C3A949720256B6200637B71 /* Products */ = {
			isa = PBXGroup;
			children = (
				2C3A949620256B6200637B71 /* iOS Practices.app */,
				2C3A94AA20256B6200637B71 /* iOS PracticesTests.xctest */,
				2C3A94B520256B6200637B71 /* iOS PracticesUITests.xctest */,
			);
			name = Products;
			sourceTree = "<group>";
		};
		2C3A949820256B6200637B71 /* iOS Practices */ = {
			isa = PBXGroup;
			children = (
				2C3A949920256B6200637B71 /* AppDelegate.swift */,
				2C3A949B20256B6200637B71 /* ViewController.swift */,
				2C3A949D20256B6200637B71 /* Main.storyboard */,
				2C3A94A020256B6200637B71 /* Assets.xcassets */,
				2C3A94A220256B6200637B71 /* LaunchScreen.storyboard */,
				2C3A94A520256B6200637B71 /* Info.plist */,
			);
			path = "iOS Practices";
			sourceTree = "<group>";
		};
		2C3A94AD20256B6200637B71 /* iOS PracticesTests */ = {
			isa = PBXGroup;
			children = (
				2C3A94AE20256B6200637B71 /* iOS_PracticesTests.swift */,
				2C3A94B020256B6200637B71 /* Info.plist */,
			);
			path = "iOS PracticesTests";
			sourceTree = "<group>";
		};
		2C3A94B820256B6200637B71 /* iOS PracticesUITests */ = {
			isa = PBXGroup;
			children = (
				2C3A94B920256B6200637B71 /* iOS_PracticesUITests.swift */,
				2C3A94BB20256B6200637B71 /* Info.plist */,
			);
			path = "iOS PracticesUITests";
			sourceTree = "<group>";
		};
/* End PBXGroup section */

/* Begin PBXNativeTarget section */
		2C3A949520256B6200637B71 /* iOS Practices */ = {
			isa = PBXNativeTarget;
			buildConfigurationList = 2C3A94BE20256B6200637B71 /* Build configuration list for PBXNativeTarget "iOS Practices" */;
			buildPhases = (
				2C3A949220256B6200637B71 /* Sources */,
				2C3A949320256B6200637B71 /* Frameworks */,
				2C3A949420256B6200637B71 /* Resources */,
			);
			buildRules = (
			);
			dependencies = (
			);
			name = "iOS Practices";
			productName = "iOS Practices";
			productReference = 2C3A949620256B6200637B71 /* iOS Practices.app */;
			productType = "com.apple.product-type.application";
		};
		2C3A94A920256B6200637B71 /* iOS PracticesTests */ = {
			isa = PBXNativeTarget;
			buildConfigurationList = 2C3A94C120256B6200637B71 /* Build configuration list for PBXNativeTarget "iOS PracticesTests" */;
			buildPhases = (
				2C3A94A620256B6200637B71 /* Sources */,
				2C3A94A720256B6200637B71 /* Frameworks */,
				2C3A94A820256B6200637B71 /* Resources */,
			);
			buildRules = (
			);
			dependencies = (
				2C3A94AC20256B6200637B71 /* PBXTargetDependency */,
			);
			name = "iOS PracticesTests";
			productName = "iOS PracticesTests";
			productReference = 2C3A94AA20256B6200637B71 /* iOS PracticesTests.xctest */;
			productType = "com.apple.product-type.bundle.unit-test";
		};
		2C3A94B420256B6200637B71 /* iOS PracticesUITests */ = {
			isa = PBXNativeTarget;
			buildConfigurationList = 2C3A94C420256B6200637B71 /* Build configuration list for PBXNativeTarget "iOS PracticesUITests" */;
			buildPhases = (
				2C3A94B120256B6200637B71 /* Sources */,
				2C3A94B220256B6200637B71 /* Frameworks */,
				2C3A94B320256B6200637B71 /* Resources */,
			);
			buildRules = (
			);
			dependencies = (
				2C3A94B720256B6200637B71 /* PBXTargetDependency */,
			);
			name = "iOS PracticesUITests";
			productName = "iOS PracticesUITests";
			productReference = 2C3A94B520256B6200637B71 /* iOS PracticesUITests.xctest */;
			productType = "com.apple.product-type.bundle.ui-testing";
		};
/* End PBXNativeTarget section */

/* Begin PBXProject section */
		2C3A948E20256B6200637B71 /* Project object */ = {
			isa = PBXProject;
			attributes = {
				LastSwiftUpdateCheck = 0920;
				LastUpgradeCheck = 0920;
				ORGANIZATIONNAME = "Hung Pham Van";
				TargetAttributes = {
					2C3A949520256B6200637B71 = {
						CreatedOnToolsVersion = 9.2;
						ProvisioningStyle = Automatic;
					};
					2C3A94A920256B6200637B71 = {
						CreatedOnToolsVersion = 9.2;
						ProvisioningStyle = Automatic;
						TestTargetID = 2C3A949520256B6200637B71;
					};
					2C3A94B420256B6200637B71 = {
						CreatedOnToolsVersion = 9.2;
						ProvisioningStyle = Automatic;
						TestTargetID = 2C3A949520256B6200637B71;
					};
				};
			};
			buildConfigurationList = 2C3A949120256B6200637B71 /* Build configuration list for PBXProject "iOS Practices" */;
			compatibilityVersion = "Xcode 8.0";
			developmentRegion = en;
			hasScannedForEncodings = 0;
			knownRegions = (
				en,
				Base,
			);
			mainGroup = 2C3A948D20256B6200637B71;
			productRefGroup = 2C3A949720256B6200637B71 /* Products */;
			projectDirPath = "";
			projectRoot = "";
			targets = (
				2C3A949520256B6200637B71 /* iOS Practices */,
				2C3A94A920256B6200637B71 /* iOS PracticesTests */,
				2C3A94B420256B6200637B71 /* iOS PracticesUITests */,
			);
		};
/* End PBXProject section */

/* Begin PBXResourcesBuildPhase section */
		2C3A949420256B6200637B71 /* Resources */ = {
			isa = PBXResourcesBuildPhase;
			buildActionMask = 2147483647;
			files = (
				2C3A94A420256B6200637B71 /* LaunchScreen.storyboard in Resources */,
				2C3A94A120256B6200637B71 /* Assets.xcassets in Resources */,
				2C3A949F20256B6200637B71 /* Main.storyboard in Resources */,
			);
			runOnlyForDeploymentPostprocessing = 0;
		};
		2C3A94A820256B6200637B71 /* Resources */ = {
			isa = PBXResourcesBuildPhase;
			buildActionMask = 2147483647;
			files = (
			);
			runOnlyForDeploymentPostprocessing = 0;
		};
		2C3A94B320256B6200637B71 /* Resources */ = {
			isa = PBXResourcesBuildPhase;
			buildActionMask = 2147483647;
			files = (
			);
			runOnlyForDeploymentPostprocessing = 0;
		};
/* End PBXResourcesBuildPhase section */

/* Begin PBXSourcesBuildPhase section */
		2C3A949220256B6200637B71 /* Sources */ = {
			isa = PBXSourcesBuildPhase;
			buildActionMask = 2147483647;
			files = (
				2C3A949C20256B6200637B71 /* ViewController.swift in Sources */,
				2C3A949A20256B6200637B71 /* AppDelegate.swift in Sources */,
			);
			runOnlyForDeploymentPostprocessing = 0;
		};
		2C3A94A620256B6200637B71 /* Sources */ = {
			isa = PBXSourcesBuildPhase;
			buildActionMask = 2147483647;
			files = (
				2C3A94AF20256B6200637B71 /* iOS_PracticesTests.swift in Sources */,
			);
			runOnlyForDeploymentPostprocessing = 0;
		};
		2C3A94B120256B6200637B71 /* Sources */ = {
			isa = PBXSourcesBuildPhase;
			buildActionMask = 2147483647;
			files = (
				2C3A94BA20256B6200637B71 /* iOS_PracticesUITests.swift in Sources */,
			);
			runOnlyForDeploymentPostprocessing = 0;
		};
/* End PBXSourcesBuildPhase section */

/* Begin PBXTargetDependency section */
		2C3A94AC20256B6200637B71 /* PBXTargetDependency */ = {
			isa = PBXTargetDependency;
			target = 2C3A949520256B6200637B71 /* iOS Practices */;
			targetProxy = 2C3A94AB20256B6200637B71 /* PBXContainerItemProxy */;
		};
		2C3A94B720256B6200637B71 /* PBXTargetDependency */ = {
			isa = PBXTargetDependency;
			target = 2C3A949520256B6200637B71 /* iOS Practices */;
			targetProxy = 2C3A94B620256B6200637B71 /* PBXContainerItemProxy */;
		};
/* End PBXTargetDependency section */

/* Begin PBXVariantGroup section */
		2C3A949D20256B6200637B71 /* Main.storyboard */ = {
			isa = PBXVariantGroup;
			children = (
				2C3A949E20256B6200637B71 /* Base */,
			);
			name = Main.storyboard;
			sourceTree = "<group>";
		};
		2C3A94A220256B6200637B71 /* LaunchScreen.storyboard */ = {
			isa = PBXVariantGroup;
			children = (
				2C3A94A320256B6200637B71 /* Base */,
			);
			name = LaunchScreen.storyboard;
			sourceTree = "<group>";
		};
/* End PBXVariantGroup section */

/* Begin XCBuildConfiguration section */
		2C3A94BC20256B6200637B71 /* Debug */ = {
			isa = XCBuildConfiguration;
			buildSettings = {
				ALWAYS_SEARCH_USER_PATHS = NO;
				CLANG_ANALYZER_NONNULL = YES;
				CLANG_ANALYZER_NUMBER_OBJECT_CONVERSION = YES_AGGRESSIVE;
				CLANG_CXX_LANGUAGE_STANDARD = "gnu++14";
				CLANG_CXX_LIBRARY = "libc++";
				CLANG_ENABLE_MODULES = YES;
				CLANG_ENABLE_OBJC_ARC = YES;
				CLANG_WARN_BLOCK_CAPTURE_AUTORELEASING = YES;
				CLANG_WARN_BOOL_CONVERSION = YES;
				CLANG_WARN_COMMA = YES;
				CLANG_WARN_CONSTANT_CONVERSION = YES;
				CLANG_WARN_DIRECT_OBJC_ISA_USAGE = YES_ERROR;
				CLANG_WARN_DOCUMENTATION_COMMENTS = YES;
				CLANG_WARN_EMPTY_BODY = YES;
				CLANG_WARN_ENUM_CONVERSION = YES;
				CLANG_WARN_INFINITE_RECURSION = YES;
				CLANG_WARN_INT_CONVERSION = YES;
				CLANG_WARN_NON_LITERAL_NULL_CONVERSION = YES;
				CLANG_WARN_OBJC_LITERAL_CONVERSION = YES;
				CLANG_WARN_OBJC_ROOT_CLASS = YES_ERROR;
				CLANG_WARN_RANGE_LOOP_ANALYSIS = YES;
				CLANG_WARN_STRICT_PROTOTYPES = YES;
				CLANG_WARN_SUSPICIOUS_MOVE = YES;
				CLANG_WARN_UNGUARDED_AVAILABILITY = YES_AGGRESSIVE;
				CLANG_WARN_UNREACHABLE_CODE = YES;
				CLANG_WARN__DUPLICATE_METHOD_MATCH = YES;
				CODE_SIGN_IDENTITY = "iPhone Developer";
				COPY_PHASE_STRIP = NO;
				DEBUG_INFORMATION_FORMAT = dwarf;
				ENABLE_STRICT_OBJC_MSGSEND = YES;
				ENABLE_TESTABILITY = YES;
				GCC_C_LANGUAGE_STANDARD = gnu11;
				GCC_DYNAMIC_NO_PIC = NO;
				GCC_NO_COMMON_BLOCKS = YES;
				GCC_OPTIMIZATION_LEVEL = 0;
				GCC_PREPROCESSOR_DEFINITIONS = (
					"DEBUG=1",
					"$(inherited)",
				);
				GCC_WARN_64_TO_32_BIT_CONVERSION = YES;
				GCC_WARN_ABOUT_RETURN_TYPE = YES_ERROR;
				GCC_WARN_UNDECLARED_SELECTOR = YES;
				GCC_WARN_UNINITIALIZED_AUTOS = YES_AGGRESSIVE;
				GCC_WARN_UNUSED_FUNCTION = YES;
				GCC_WARN_UNUSED_VARIABLE = YES;
				IPHONEOS_DEPLOYMENT_TARGET = 11.2;
				MTL_ENABLE_DEBUG_INFO = YES;
				ONLY_ACTIVE_ARCH = YES;
				SDKROOT = iphoneos;
				SWIFT_ACTIVE_COMPILATION_CONDITIONS = DEBUG;
				SWIFT_OPTIMIZATION_LEVEL = "-Onone";
			};
			name = Debug;
		};
		2C3A94BD20256B6200637B71 /* Release */ = {
			isa = XCBuildConfiguration;
			buildSettings = {
				ALWAYS_SEARCH_USER_PATHS = NO;
				CLANG_ANALYZER_NONNULL = YES;
				CLANG_ANALYZER_NUMBER_OBJECT_CONVERSION = YES_AGGRESSIVE;
				CLANG_CXX_LANGUAGE_STANDARD = "gnu++14";
				CLANG_CXX_LIBRARY = "libc++";
				CLANG_ENABLE_MODULES = YES;
				CLANG_ENABLE_OBJC_ARC = YES;
				CLANG_WARN_BLOCK_CAPTURE_AUTORELEASING = YES;
				CLANG_WARN_BOOL_CONVERSION = YES;
				CLANG_WARN_COMMA = YES;
				CLANG_WARN_CONSTANT_CONVERSION = YES;
				CLANG_WARN_DIRECT_OBJC_ISA_USAGE = YES_ERROR;
				CLANG_WARN_DOCUMENTATION_COMMENTS = YES;
				CLANG_WARN_EMPTY_BODY = YES;
				CLANG_WARN_ENUM_CONVERSION = YES;
				CLANG_WARN_INFINITE_RECURSION = YES;
				CLANG_WARN_INT_CONVERSION = YES;
				CLANG_WARN_NON_LITERAL_NULL_CONVERSION = YES;
				CLANG_WARN_OBJC_LITERAL_CONVERSION = YES;
				CLANG_WARN_OBJC_ROOT_CLASS = YES_ERROR;
				CLANG_WARN_RANGE_LOOP_ANALYSIS = YES;
				CLANG_WARN_STRICT_PROTOTYPES = YES;
				CLANG_WARN_SUSPICIOUS_MOVE = YES;
				CLANG_WARN_UNGUARDED_AVAILABILITY = YES_AGGRESSIVE;
				CLANG_WARN_UNREACHABLE_CODE = YES;
				CLANG_WARN__DUPLICATE_METHOD_MATCH = YES;
				CODE_SIGN_IDENTITY = "iPhone Developer";
				COPY_PHASE_STRIP = NO;
				DEBUG_INFORMATION_FORMAT = "dwarf-with-dsym";
				ENABLE_NS_ASSERTIONS = NO;
				ENABLE_STRICT_OBJC_MSGSEND = YES;
				GCC_C_LANGUAGE_STANDARD = gnu11;
				GCC_NO_COMMON_BLOCKS = YES;
				GCC_WARN_64_TO_32_BIT_CONVERSION = YES;
				GCC_WARN_ABOUT_RETURN_TYPE = YES_ERROR;
				GCC_WARN_UNDECLARED_SELECTOR = YES;
				GCC_WARN_UNINITIALIZED_AUTOS = YES_AGGRESSIVE;
				GCC_WARN_UNUSED_FUNCTION = YES;
				GCC_WARN_UNUSED_VARIABLE = YES;
				IPHONEOS_DEPLOYMENT_TARGET = 11.2;
				MTL_ENABLE_DEBUG_INFO = NO;
				SDKROOT = iphoneos;
				SWIFT_OPTIMIZATION_LEVEL = "-Owholemodule";
				VALIDATE_PRODUCT = YES;
			};
			name = Release;
		};
		2C3A94BF20256B6200637B71 /* Debug */ = {
			isa = XCBuildConfiguration;
			buildSettings = {
				ASSETCATALOG_COMPILER_APPICON_NAME = AppIcon;
				CODE_SIGN_STYLE = Automatic;
				DEVELOPMENT_TEAM = P5FY8F2Q22;
				INFOPLIST_FILE = "iOS Practices/Info.plist";
				LD_RUNPATH_SEARCH_PATHS = "$(inherited) @executable_path/Frameworks";
				PRODUCT_BUNDLE_IDENTIFIER = "com.hungpham.iOS-Practices";
				PRODUCT_NAME = "$(TARGET_NAME)";
				SWIFT_VERSION = 4.0;
				TARGETED_DEVICE_FAMILY = "1,2";
			};
			name = Debug;
		};
		2C3A94C020256B6200637B71 /* Release */ = {
			isa = XCBuildConfiguration;
			buildSettings = {
				ASSETCATALOG_COMPILER_APPICON_NAME = AppIcon;
				CODE_SIGN_STYLE = Automatic;
				DEVELOPMENT_TEAM = P5FY8F2Q22;
				INFOPLIST_FILE = "iOS Practices/Info.plist";
				LD_RUNPATH_SEARCH_PATHS = "$(inherited) @executable_path/Frameworks";
				PRODUCT_BUNDLE_IDENTIFIER = "com.hungpham.iOS-Practices";
				PRODUCT_NAME = "$(TARGET_NAME)";
				SWIFT_VERSION = 4.0;
				TARGETED_DEVICE_FAMILY = "1,2";
			};
			name = Release;
		};
		2C3A94C220256B6200637B71 /* Debug */ = {
			isa = XCBuildConfiguration;
			buildSettings = {
				ALWAYS_EMBED_SWIFT_STANDARD_LIBRARIES = YES;
				BUNDLE_LOADER = "$(TEST_HOST)";
				CODE_SIGN_STYLE = Automatic;
				DEVELOPMENT_TEAM = P5FY8F2Q22;
				INFOPLIST_FILE = "iOS PracticesTests/Info.plist";
				LD_RUNPATH_SEARCH_PATHS = "$(inherited) @executable_path/Frameworks @loader_path/Frameworks";
				PRODUCT_BUNDLE_IDENTIFIER = "com.hungpham.iOS-PracticesTests";
				PRODUCT_NAME = "$(TARGET_NAME)";
				SWIFT_VERSION = 4.0;
				TARGETED_DEVICE_FAMILY = "1,2";
				TEST_HOST = "$(BUILT_PRODUCTS_DIR)/iOS Practices.app/iOS Practices";
			};
			name = Debug;
		};
		2C3A94C320256B6200637B71 /* Release */ = {
			isa = XCBuildConfiguration;
			buildSettings = {
				ALWAYS_EMBED_SWIFT_STANDARD_LIBRARIES = YES;
				BUNDLE_LOADER = "$(TEST_HOST)";
				CODE_SIGN_STYLE = Automatic;
				DEVELOPMENT_TEAM = P5FY8F2Q22;
				INFOPLIST_FILE = "iOS PracticesTests/Info.plist";
				LD_RUNPATH_SEARCH_PATHS = "$(inherited) @executable_path/Frameworks @loader_path/Frameworks";
				PRODUCT_BUNDLE_IDENTIFIER = "com.hungpham.iOS-PracticesTests";
				PRODUCT_NAME = "$(TARGET_NAME)";
				SWIFT_VERSION = 4.0;
				TARGETED_DEVICE_FAMILY = "1,2";
				TEST_HOST = "$(BUILT_PRODUCTS_DIR)/iOS Practices.app/iOS Practices";
			};
			name = Release;
		};
		2C3A94C520256B6200637B71 /* Debug */ = {
			isa = XCBuildConfiguration;
			buildSettings = {
				ALWAYS_EMBED_SWIFT_STANDARD_LIBRARIES = YES;
				CODE_SIGN_STYLE = Automatic;
				DEVELOPMENT_TEAM = P5FY8F2Q22;
				INFOPLIST_FILE = "iOS PracticesUITests/Info.plist";
				LD_RUNPATH_SEARCH_PATHS = "$(inherited) @executable_path/Frameworks @loader_path/Frameworks";
				PRODUCT_BUNDLE_IDENTIFIER = "com.hungpham.iOS-PracticesUITests";
				PRODUCT_NAME = "$(TARGET_NAME)";
				SWIFT_VERSION = 4.0;
				TARGETED_DEVICE_FAMILY = "1,2";
				TEST_TARGET_NAME = "iOS Practices";
			};
			name = Debug;
		};
		2C3A94C620256B6200637B71 /* Release */ = {
			isa = XCBuildConfiguration;
			buildSettings = {
				ALWAYS_EMBED_SWIFT_STANDARD_LIBRARIES = YES;
				CODE_SIGN_STYLE = Automatic;
				DEVELOPMENT_TEAM = P5FY8F2Q22;
				INFOPLIST_FILE = "iOS PracticesUITests/Info.plist";
				LD_RUNPATH_SEARCH_PATHS = "$(inherited) @executable_path/Frameworks @loader_path/Frameworks";
				PRODUCT_BUNDLE_IDENTIFIER = "com.hungpham.iOS-PracticesUITests";
				PRODUCT_NAME = "$(TARGET_NAME)";
				SWIFT_VERSION = 4.0;
				TARGETED_DEVICE_FAMILY = "1,2";
				TEST_TARGET_NAME = "iOS Practices";
			};
			name = Release;
		};
/* End XCBuildConfiguration section */

/* Begin XCConfigurationList section */
		2C3A949120256B6200637B71 /* Build configuration list for PBXProject "iOS Practices" */ = {
			isa = XCConfigurationList;
			buildConfigurations = (
				2C3A94BC20256B6200637B71 /* Debug */,
				2C3A94BD20256B6200637B71 /* Release */,
			);
			defaultConfigurationIsVisible = 0;
			defaultConfigurationName = Release;
		};
		2C3A94BE20256B6200637B71 /* Build configuration list for PBXNativeTarget "iOS Practices" */ = {
			isa = XCConfigurationList;
			buildConfigurations = (
				2C3A94BF20256B6200637B71 /* Debug */,
				2C3A94C020256B6200637B71 /* Release */,
			);
			defaultConfigurationIsVisible = 0;
			defaultConfigurationName = Release;
		};
		2C3A94C120256B6200637B71 /* Build configuration list for PBXNativeTarget "iOS PracticesTests" */ = {
			isa = XCConfigurationList;
			buildConfigurations = (
				2C3A94C220256B6200637B71 /* Debug */,
				2C3A94C320256B6200637B71 /* Release */,
			);
			defaultConfigurationIsVisible = 0;
			defaultConfigurationName = Release;
		};
		2C3A94C420256B6200637B71 /* Build configuration list for PBXNativeTarget "iOS PracticesUITests" */ = {
			isa = XCConfigurationList;
			buildConfigurations = (
				2C3A94C520256B6200637B71 /* Debug */,
				2C3A94C620256B6200637B71 /* Release */,
			);
			defaultConfigurationIsVisible = 0;
			defaultConfigurationName = Release;
		};
/* End XCConfigurationList section */
	};
	rootObject = 2C3A948E20256B6200637B71 /* Project object */;
}
